
Microsoft Visual Studio Solution File, Format Version 12.00
# Visual Studio Version 16
VisualStudioVersion = 16.0.30523.141
MinimumVisualStudioVersion = 10.0.40219.1
Project("{FAE04EC0-301F-11D3-BF4B-00C04F79EFBC}") = "Restaurant", "Restaurant\Restaurant.csproj", "{16242299-76F4-4276-8932-28B1C36C4DB4}"
EndProject
Global
	GlobalSection(SolutionConfigurationPlatforms) = preSolution
		Debug|Any CPU = Debug|Any CPU
		Release|Any CPU = Release|Any CPU
	EndGlobalSection
	GlobalSection(ProjectConfigurationPlatforms) = postSolution
		{16242299-76F4-4276-8932-28B1C36C4DB4}.Debug|Any CPU.ActiveCfg = Debug|Any CPU
		{16242299-76F4-4276-8932-28B1C36C4DB4}.Debug|Any CPU.Build.0 = Debug|Any CPU
		{16242299-76F4-4276-8932-28B1C36C4DB4}.Release|Any CPU.ActiveCfg = Release|Any CPU
		{16242299-76F4-4276-8932-28B1C36C4DB4}.Release|Any CPU.Build.0 = Release|Any CPU
	EndGlobalSection
	GlobalSection(SolutionProperties) = preSolution
		HideSolutionNode = FALSE
	EndGlobalSection
	GlobalSection(ExtensibilityGlobals) = postSolution
		SolutionGuid = {5C3FC30C-35A3-44FA-9DA6-6DA752D29462}
	EndGlobalSection
EndGlobal
